// !$*UTF8*$!
{
	archiveVersion = 1;
	classes = {
	};
	objectVersion = 70;
	objects = {

/* Begin PBXBuildFile section */
		D87437F02D05A6DB00D746F5 /* UIVIew-Extension.swift in Sources */ = {isa = PBXBuildFile; fileRef = D87437DC2D05A6DB00D746F5 /* UIVIew-Extension.swift */; };
		D87437F12D05A6DB00D746F5 /* UIViewController+Extension.swift in Sources */ = {isa = PBXBuildFile; fileRef = D87437DD2D05A6DB00D746F5 /* UIViewController+Extension.swift */; };
		D87437F22D05A6DB00D746F5 /* Model.swift in Sources */ = {isa = PBXBuildFile; fileRef = D87437DF2D05A6DB00D746F5 /* Model.swift */; };
		D87437F32D05A6DB00D746F5 /* RequestModel.swift in Sources */ = {isa = PBXBuildFile; fileRef = D87437E02D05A6DB00D746F5 /* RequestModel.swift */; };
		D87437F42D05A6DB00D746F5 /* ResponseModel.swift in Sources */ = {isa = PBXBuildFile; fileRef = D87437E12D05A6DB00D746F5 /* ResponseModel.swift */; };
		D87437F52D05A6DB00D746F5 /* ViewController.swift in Sources */ = {isa = PBXBuildFile; fileRef = D87437E52D05A6DB00D746F5 /* ViewController.swift */; };
		D87437F62D05A6DB00D746F5 /* AppDelegate.swift in Sources */ = {isa = PBXBuildFile; fileRef = D87437E82D05A6DB00D746F5 /* AppDelegate.swift */; };
		D87437F72D05A6DB00D746F5 /* constant.swift in Sources */ = {isa = PBXBuildFile; fileRef = D87437EA2D05A6DB00D746F5 /* constant.swift */; };
		D87437F82D05A6DB00D746F5 /* Utility.swift in Sources */ = {isa = PBXBuildFile; fileRef = D87437EE2D05A6DB00D746F5 /* Utility.swift */; };
		D87437F92D05A6DB00D746F5 /* Main.storyboard in Resources */ = {isa = PBXBuildFile; fileRef = D87437E42D05A6DB00D746F5 /* Main.storyboard */; };
		D87437FA2D05A6DB00D746F5 /* Assets.xcassets in Resources */ = {isa = PBXBuildFile; fileRef = D87437E92D05A6DB00D746F5 /* Assets.xcassets */; };
		D87437FC2D05A6DB00D746F5 /* LaunchScreen.storyboard in Resources */ = {isa = PBXBuildFile; fileRef = D87437ED2D05A6DB00D746F5 /* LaunchScreen.storyboard */; };
		D893CF3F2D0D5D7000C3F4D2 /* Location.storyboard in Resources */ = {isa = PBXBuildFile; fileRef = D893CF3E2D0D5D7000C3F4D2 /* Location.storyboard */; };
		D893CF412D0D5E1000C3F4D2 /* LocationScreenViewController.swift in Sources */ = {isa = PBXBuildFile; fileRef = D893CF402D0D5E1000C3F4D2 /* LocationScreenViewController.swift */; };
		D893CF4F2D0E08CA00C3F4D2 /* HomeScreen.swift in Sources */ = {isa = PBXBuildFile; fileRef = D893CF4E2D0E08CA00C3F4D2 /* HomeScreen.swift */; };
		D9459B5C05B3F65570870678 /* Pods_LiveLocationTrack.framework in Frameworks */ = {isa = PBXBuildFile; fileRef = 0AAE6DAD52DCE7C78FC7B24C /* Pods_LiveLocationTrack.framework */; };
/* End PBXBuildFile section */

/* Begin PBXFileReference section */
		0AAE6DAD52DCE7C78FC7B24C /* Pods_LiveLocationTrack.framework */ = {isa = PBXFileReference; explicitFileType = wrapper.framework; includeInIndex = 0; path = Pods_LiveLocationTrack.framework; sourceTree = BUILT_PRODUCTS_DIR; };
		698AC728CA54DD64FDF208FD /* Pods-LiveLocationTrack.debug.xcconfig */ = {isa = PBXFileReference; includeInIndex = 1; lastKnownFileType = text.xcconfig; name = "Pods-LiveLocationTrack.debug.xcconfig"; path = "Target Support Files/Pods-LiveLocationTrack/Pods-LiveLocationTrack.debug.xcconfig"; sourceTree = "<group>"; };
		7C96B0B43C1D7DA0852354B4 /* Pods-LiveLocationTrack.release.xcconfig */ = {isa = PBXFileReference; includeInIndex = 1; lastKnownFileType = text.xcconfig; name = "Pods-LiveLocationTrack.release.xcconfig"; path = "Target Support Files/Pods-LiveLocationTrack/Pods-LiveLocationTrack.release.xcconfig"; sourceTree = "<group>"; };
		D87437AD2D05A39100D746F5 /* LiveLocationTrack.app */ = {isa = PBXFileReference; explicitFileType = wrapper.application; includeInIndex = 0; path = LiveLocationTrack.app; sourceTree = BUILT_PRODUCTS_DIR; };
		D87437DC2D05A6DB00D746F5 /* UIVIew-Extension.swift */ = {isa = PBXFileReference; lastKnownFileType = sourcecode.swift; path = "UIVIew-Extension.swift"; sourceTree = "<group>"; };
		D87437DD2D05A6DB00D746F5 /* UIViewController+Extension.swift */ = {isa = PBXFileReference; lastKnownFileType = sourcecode.swift; path = "UIViewController+Extension.swift"; sourceTree = "<group>"; };
		D87437DF2D05A6DB00D746F5 /* Model.swift */ = {isa = PBXFileReference; lastKnownFileType = sourcecode.swift; path = Model.swift; sourceTree = "<group>"; };
		D87437E02D05A6DB00D746F5 /* RequestModel.swift */ = {isa = PBXFileReference; lastKnownFileType = sourcecode.swift; path = RequestModel.swift; sourceTree = "<group>"; };
		D87437E12D05A6DB00D746F5 /* ResponseModel.swift */ = {isa = PBXFileReference; lastKnownFileType = sourcecode.swift; path = ResponseModel.swift; sourceTree = "<group>"; };
		D87437E32D05A6DB00D746F5 /* Base */ = {isa = PBXFileReference; lastKnownFileType = file.storyboard; name = Base; path = Base.lproj/Main.storyboard; sourceTree = "<group>"; };
		D87437E52D05A6DB00D746F5 /* ViewController.swift */ = {isa = PBXFileReference; lastKnownFileType = sourcecode.swift; path = ViewController.swift; sourceTree = "<group>"; };
		D87437E82D05A6DB00D746F5 /* AppDelegate.swift */ = {isa = PBXFileReference; lastKnownFileType = sourcecode.swift; path = AppDelegate.swift; sourceTree = "<group>"; };
		D87437E92D05A6DB00D746F5 /* Assets.xcassets */ = {isa = PBXFileReference; lastKnownFileType = folder.assetcatalog; path = Assets.xcassets; sourceTree = "<group>"; };
		D87437EA2D05A6DB00D746F5 /* constant.swift */ = {isa = PBXFileReference; lastKnownFileType = sourcecode.swift; path = constant.swift; sourceTree = "<group>"; };
		D87437EB2D05A6DB00D746F5 /* Info.plist */ = {isa = PBXFileReference; lastKnownFileType = text.plist.xml; path = Info.plist; sourceTree = "<group>"; };
		D87437EC2D05A6DB00D746F5 /* Base */ = {isa = PBXFileReference; lastKnownFileType = file.storyboard; name = Base; path = Base.lproj/LaunchScreen.storyboard; sourceTree = "<group>"; };
		D87437EE2D05A6DB00D746F5 /* Utility.swift */ = {isa = PBXFileReference; lastKnownFileType = sourcecode.swift; path = Utility.swift; sourceTree = "<group>"; };
		D893CF3E2D0D5D7000C3F4D2 /* Location.storyboard */ = {isa = PBXFileReference; lastKnownFileType = file.storyboard; path = Location.storyboard; sourceTree = "<group>"; };
		D893CF402D0D5E1000C3F4D2 /* LocationScreenViewController.swift */ = {isa = PBXFileReference; lastKnownFileType = sourcecode.swift; path = LocationScreenViewController.swift; sourceTree = "<group>"; };
		D893CF4E2D0E08CA00C3F4D2 /* HomeScreen.swift */ = {isa = PBXFileReference; lastKnownFileType = sourcecode.swift; path = HomeScreen.swift; sourceTree = "<group>"; };
/* End PBXFileReference section */

/* Begin PBXFileSystemSynchronizedRootGroup section */
		D893CF472D0DBEEE00C3F4D2 /* Class */ = {isa = PBXFileSystemSynchronizedRootGroup; explicitFileTypes = {}; explicitFolders = (); path = Class; sourceTree = "<group>"; };
/* End PBXFileSystemSynchronizedRootGroup section */

/* Begin PBXFrameworksBuildPhase section */
		D87437AA2D05A39100D746F5 /* Frameworks */ = {
			isa = PBXFrameworksBuildPhase;
			buildActionMask = 2147483647;
			files = (
				D9459B5C05B3F65570870678 /* Pods_LiveLocationTrack.framework in Frameworks */,
			);
			runOnlyForDeploymentPostprocessing = 0;
		};
/* End PBXFrameworksBuildPhase section */

/* Begin PBXGroup section */
		4DA8AD47641DA17E62410DBE /* Pods */ = {
			isa = PBXGroup;
			children = (
				698AC728CA54DD64FDF208FD /* Pods-LiveLocationTrack.debug.xcconfig */,
				7C96B0B43C1D7DA0852354B4 /* Pods-LiveLocationTrack.release.xcconfig */,
			);
			path = Pods;
			sourceTree = "<group>";
		};
		D83AC53D9D7E25EB6AB65A77 /* Frameworks */ = {
			isa = PBXGroup;
			children = (
				0AAE6DAD52DCE7C78FC7B24C /* Pods_LiveLocationTrack.framework */,
			);
			name = Frameworks;
			sourceTree = "<group>";
		};
		D87437A42D05A39100D746F5 = {
			isa = PBXGroup;
			children = (
				D87437EF2D05A6DB00D746F5 /* LiveLocationTrack */,
				D87437AE2D05A39100D746F5 /* Products */,
				4DA8AD47641DA17E62410DBE /* Pods */,
				D83AC53D9D7E25EB6AB65A77 /* Frameworks */,
			);
			sourceTree = "<group>";
		};
		D87437AE2D05A39100D746F5 /* Products */ = {
			isa = PBXGroup;
			children = (
				D87437AD2D05A39100D746F5 /* LiveLocationTrack.app */,
			);
			name = Products;
			sourceTree = "<group>";
		};
		D87437DE2D05A6DB00D746F5 /* Extensions */ = {
			isa = PBXGroup;
			children = (
				D87437DC2D05A6DB00D746F5 /* UIVIew-Extension.swift */,
				D87437DD2D05A6DB00D746F5 /* UIViewController+Extension.swift */,
			);
			path = Extensions;
			sourceTree = "<group>";
		};
		D87437E22D05A6DB00D746F5 /* Model */ = {
			isa = PBXGroup;
			children = (
				D87437DF2D05A6DB00D746F5 /* Model.swift */,
				D87437E02D05A6DB00D746F5 /* RequestModel.swift */,
				D87437E12D05A6DB00D746F5 /* ResponseModel.swift */,
			);
			path = Model;
			sourceTree = "<group>";
		};
		D87437E62D05A6DB00D746F5 /* Splash */ = {
			isa = PBXGroup;
			children = (
				D87437E42D05A6DB00D746F5 /* Main.storyboard */,
				D87437E52D05A6DB00D746F5 /* ViewController.swift */,
			);
			path = Splash;
			sourceTree = "<group>";
		};
		D87437E72D05A6DB00D746F5 /* Screen */ = {
			isa = PBXGroup;
			children = (
				D87437E62D05A6DB00D746F5 /* Splash */,
				D893CF3D2D0D5D5800C3F4D2 /* Location */,
			);
			path = Screen;
			sourceTree = "<group>";
		};
		D87437EF2D05A6DB00D746F5 /* LiveLocationTrack */ = {
			isa = PBXGroup;
			children = (
				D893CF472D0DBEEE00C3F4D2 /* Class */,
				D87437DE2D05A6DB00D746F5 /* Extensions */,
				D87437E22D05A6DB00D746F5 /* Model */,
				D87437E72D05A6DB00D746F5 /* Screen */,
				D87437E82D05A6DB00D746F5 /* AppDelegate.swift */,
				D87437E92D05A6DB00D746F5 /* Assets.xcassets */,
				D87437EA2D05A6DB00D746F5 /* constant.swift */,
				D87437EB2D05A6DB00D746F5 /* Info.plist */,
				D87437ED2D05A6DB00D746F5 /* LaunchScreen.storyboard */,
				D87437EE2D05A6DB00D746F5 /* Utility.swift */,
			);
			path = LiveLocationTrack;
			sourceTree = "<group>";
		};
		D893CF3D2D0D5D5800C3F4D2 /* Location */ = {
			isa = PBXGroup;
			children = (
				D893CF3E2D0D5D7000C3F4D2 /* Location.storyboard */,
				D893CF402D0D5E1000C3F4D2 /* LocationScreenViewController.swift */,
				D893CF4E2D0E08CA00C3F4D2 /* HomeScreen.swift */,
			);
			path = Location;
			sourceTree = "<group>";
		};
/* End PBXGroup section */

/* Begin PBXNativeTarget section */
		D87437AC2D05A39100D746F5 /* LiveLocationTrack */ = {
			isa = PBXNativeTarget;
			buildConfigurationList = D87437C02D05A39200D746F5 /* Build configuration list for PBXNativeTarget "LiveLocationTrack" */;
			buildPhases = (
				AB4EF79F25479257AC71CE54 /* [CP] Check Pods Manifest.lock */,
				D87437A92D05A39100D746F5 /* Sources */,
				D87437AA2D05A39100D746F5 /* Frameworks */,
				D87437AB2D05A39100D746F5 /* Resources */,
				690C4CCA19188563AB38BE94 /* [CP] Embed Pods Frameworks */,
			);
			buildRules = (
			);
			dependencies = (
			);
			fileSystemSynchronizedGroups = (
				D893CF472D0DBEEE00C3F4D2 /* Class */,
			);
			name = LiveLocationTrack;
			productName = LiveLocationTrack;
			productReference = D87437AD2D05A39100D746F5 /* LiveLocationTrack.app */;
			productType = "com.apple.product-type.application";
		};
/* End PBXNativeTarget section */

/* Begin PBXProject section */
		D87437A52D05A39100D746F5 /* Project object */ = {
			isa = PBXProject;
			attributes = {
				BuildIndependentTargetsInParallel = 1;
				LastSwiftUpdateCheck = 1600;
				LastUpgradeCheck = 1600;
				TargetAttributes = {
					D87437AC2D05A39100D746F5 = {
						CreatedOnToolsVersion = 16.0;
					};
				};
			};
			buildConfigurationList = D87437A82D05A39100D746F5 /* Build configuration list for PBXProject "LiveLocationTrack" */;
			compatibilityVersion = "Xcode 14.0";
			developmentRegion = en;
			hasScannedForEncodings = 0;
			knownRegions = (
				en,
				Base,
			);
			mainGroup = D87437A42D05A39100D746F5;
			productRefGroup = D87437AE2D05A39100D746F5 /* Products */;
			projectDirPath = "";
			projectRoot = "";
			targets = (
				D87437AC2D05A39100D746F5 /* LiveLocationTrack */,
			);
		};
/* End PBXProject section */

/* Begin PBXResourcesBuildPhase section */
		D87437AB2D05A39100D746F5 /* Resources */ = {
			isa = PBXResourcesBuildPhase;
			buildActionMask = 2147483647;
			files = (
				D87437F92D05A6DB00D746F5 /* Main.storyboard in Resources */,
				D87437FA2D05A6DB00D746F5 /* Assets.xcassets in Resources */,
				D87437FC2D05A6DB00D746F5 /* LaunchScreen.storyboard in Resources */,
				D893CF3F2D0D5D7000C3F4D2 /* Location.storyboard in Resources */,
			);
			runOnlyForDeploymentPostprocessing = 0;
		};
/* End PBXResourcesBuildPhase section */

/* Begin PBXShellScriptBuildPhase section */
		690C4CCA19188563AB38BE94 /* [CP] Embed Pods Frameworks */ = {
			isa = PBXShellScriptBuildPhase;
			buildActionMask = 2147483647;
			files = (
			);
			inputFileListPaths = (
				"${PODS_ROOT}/Target Support Files/Pods-LiveLocationTrack/Pods-LiveLocationTrack-frameworks-${CONFIGURATION}-input-files.xcfilelist",
			);
			name = "[CP] Embed Pods Frameworks";
			outputFileListPaths = (
				"${PODS_ROOT}/Target Support Files/Pods-LiveLocationTrack/Pods-LiveLocationTrack-frameworks-${CONFIGURATION}-output-files.xcfilelist",
			);
			runOnlyForDeploymentPostprocessing = 0;
			shellPath = /bin/sh;
			shellScript = "\"${PODS_ROOT}/Target Support Files/Pods-LiveLocationTrack/Pods-LiveLocationTrack-frameworks.sh\"\n";
			showEnvVarsInLog = 0;
		};
		AB4EF79F25479257AC71CE54 /* [CP] Check Pods Manifest.lock */ = {
			isa = PBXShellScriptBuildPhase;
			buildActionMask = 2147483647;
			files = (
			);
			inputFileListPaths = (
			);
			inputPaths = (
				"${PODS_PODFILE_DIR_PATH}/Podfile.lock",
				"${PODS_ROOT}/Manifest.lock",
			);
			name = "[CP] Check Pods Manifest.lock";
			outputFileListPaths = (
			);
			outputPaths = (
				"$(DERIVED_FILE_DIR)/Pods-LiveLocationTrack-checkManifestLockResult.txt",
			);
			runOnlyForDeploymentPostprocessing = 0;
			shellPath = /bin/sh;
			shellScript = "diff \"${PODS_PODFILE_DIR_PATH}/Podfile.lock\" \"${PODS_ROOT}/Manifest.lock\" > /dev/null\nif [ $? != 0 ] ; then\n    # print error to STDERR\n    echo \"error: The sandbox is not in sync with the Podfile.lock. Run 'pod install' or update your CocoaPods installation.\" >&2\n    exit 1\nfi\n# This output is used by Xcode 'outputs' to avoid re-running this script phase.\necho \"SUCCESS\" > \"${SCRIPT_OUTPUT_FILE_0}\"\n";
			showEnvVarsInLog = 0;
		};
/* End PBXShellScriptBuildPhase section */

/* Begin PBXSourcesBuildPhase section */
		D87437A92D05A39100D746F5 /* Sources */ = {
			isa = PBXSourcesBuildPhase;
			buildActionMask = 2147483647;
			files = (
				D87437F02D05A6DB00D746F5 /* UIVIew-Extension.swift in Sources */,
				D87437F12D05A6DB00D746F5 /* UIViewController+Extension.swift in Sources */,
				D87437F22D05A6DB00D746F5 /* Model.swift in Sources */,
				D87437F32D05A6DB00D746F5 /* RequestModel.swift in Sources */,
				D87437F42D05A6DB00D746F5 /* ResponseModel.swift in Sources */,
				D893CF412D0D5E1000C3F4D2 /* LocationScreenViewController.swift in Sources */,
				D87437F52D05A6DB00D746F5 /* ViewController.swift in Sources */,
				D893CF4F2D0E08CA00C3F4D2 /* HomeScreen.swift in Sources */,
				D87437F62D05A6DB00D746F5 /* AppDelegate.swift in Sources */,
				D87437F72D05A6DB00D746F5 /* constant.swift in Sources */,
				D87437F82D05A6DB00D746F5 /* Utility.swift in Sources */,
			);
			runOnlyForDeploymentPostprocessing = 0;
		};
/* End PBXSourcesBuildPhase section */

/* Begin PBXVariantGroup section */
		D87437E42D05A6DB00D746F5 /* Main.storyboard */ = {
			isa = PBXVariantGroup;
			children = (
				D87437E32D05A6DB00D746F5 /* Base */,
			);
			name = Main.storyboard;
			sourceTree = "<group>";
		};
		D87437ED2D05A6DB00D746F5 /* LaunchScreen.storyboard */ = {
			isa = PBXVariantGroup;
			children = (
				D87437EC2D05A6DB00D746F5 /* Base */,
			);
			name = LaunchScreen.storyboard;
			sourceTree = "<group>";
		};
/* End PBXVariantGroup section */

/* Begin XCBuildConfiguration section */
		D87437C12D05A39200D746F5 /* Debug */ = {
			isa = XCBuildConfiguration;
			baseConfigurationReference = 698AC728CA54DD64FDF208FD /* Pods-LiveLocationTrack.debug.xcconfig */;
			buildSettings = {
				ASSETCATALOG_COMPILER_APPICON_NAME = AppIcon;
				ASSETCATALOG_COMPILER_GLOBAL_ACCENT_COLOR_NAME = AccentColor;
				CODE_SIGN_STYLE = Automatic;
				CURRENT_PROJECT_VERSION = 1;
				GENERATE_INFOPLIST_FILE = YES;
				INFOPLIST_FILE = LiveLocationTrack/Info.plist;
				INFOPLIST_KEY_CFBundleDisplayName = "Live location track";
				INFOPLIST_KEY_UIApplicationSupportsIndirectInputEvents = YES;
				INFOPLIST_KEY_UILaunchStoryboardName = LaunchScreen;
				INFOPLIST_KEY_UIMainStoryboardFile = Main;
				INFOPLIST_KEY_UISupportedInterfaceOrientations_iPad = "UIInterfaceOrientationPortrait UIInterfaceOrientationPortraitUpsideDown UIInterfaceOrientationLandscapeLeft UIInterfaceOrientationLandscapeRight";
				INFOPLIST_KEY_UISupportedInterfaceOrientations_iPhone = "UIInterfaceOrientationPortrait UIInterfaceOrientationLandscapeLeft UIInterfaceOrientationLandscapeRight";
				LD_RUNPATH_SEARCH_PATHS = (
					"$(inherited)",
					"@executable_path/Frameworks",
				);
				MARKETING_VERSION = 1.0;
				PRODUCT_BUNDLE_IDENTIFIER = com.kk.LiveLocationTrack;
				PRODUCT_NAME = "$(TARGET_NAME)";
				SWIFT_EMIT_LOC_STRINGS = YES;
				SWIFT_VERSION = 5.0;
				TARGETED_DEVICE_FAMILY = "1,2";
			};
			name = Debug;
		};
		D87437C22D05A39200D746F5 /* Release */ = {
			isa = XCBuildConfiguration;
			baseConfigurationReference = 7C96B0B43C1D7DA0852354B4 /* Pods-LiveLocationTrack.release.xcconfig */;
			buildSettings = {
				ASSETCATALOG_COMPILER_APPICON_NAME = AppIcon;
				ASSETCATALOG_COMPILER_GLOBAL_ACCENT_COLOR_NAME = AccentColor;
				CODE_SIGN_STYLE = Automatic;
				CURRENT_PROJECT_VERSION = 1;
				GENERATE_INFOPLIST_FILE = YES;
				INFOPLIST_FILE = LiveLocationTrack/Info.plist;
				INFOPLIST_KEY_CFBundleDisplayName = "Live location track";
				INFOPLIST_KEY_UIApplicationSupportsIndirectInputEvents = YES;
				INFOPLIST_KEY_UILaunchStoryboardName = LaunchScreen;
				INFOPLIST_KEY_UIMainStoryboardFile = Main;
				INFOPLIST_KEY_UISupportedInterfaceOrientations_iPad = "UIInterfaceOrientationPortrait UIInterfaceOrientationPortraitUpsideDown UIInterfaceOrientationLandscapeLeft UIInterfaceOrientationLandscapeRight";
				INFOPLIST_KEY_UISupportedInterfaceOrientations_iPhone = "UIInterfaceOrientationPortrait UIInterfaceOrientationLandscapeLeft UIInterfaceOrientationLandscapeRight";
				LD_RUNPATH_SEARCH_PATHS = (
					"$(inherited)",
					"@executable_path/Frameworks",
				);
				MARKETING_VERSION = 1.0;
				PRODUCT_BUNDLE_IDENTIFIER = com.kk.LiveLocationTrack;
				PRODUCT_NAME = "$(TARGET_NAME)";
				SWIFT_EMIT_LOC_STRINGS = YES;
				SWIFT_VERSION = 5.0;
				TARGETED_DEVICE_FAMILY = "1,2";
			};
			name = Release;
		};
		D87437C32D05A39200D746F5 /* Debug */ = {
			isa = XCBuildConfiguration;
			buildSettings = {
				ALWAYS_SEARCH_USER_PATHS = NO;
				ASSETCATALOG_COMPILER_GENERATE_SWIFT_ASSET_SYMBOL_EXTENSIONS = YES;
				CLANG_ANALYZER_NONNULL = YES;
				CLANG_ANALYZER_NUMBER_OBJECT_CONVERSION = YES_AGGRESSIVE;
				CLANG_CXX_LANGUAGE_STANDARD = "gnu++20";
				CLANG_ENABLE_MODULES = YES;
				CLANG_ENABLE_OBJC_ARC = YES;
				CLANG_ENABLE_OBJC_WEAK = YES;
				CLANG_WARN_BLOCK_CAPTURE_AUTORELEASING = YES;
				CLANG_WARN_BOOL_CONVERSION = YES;
				CLANG_WARN_COMMA = YES;
				CLANG_WARN_CONSTANT_CONVERSION = YES;
				CLANG_WARN_DEPRECATED_OBJC_IMPLEMENTATIONS = YES;
				CLANG_WARN_DIRECT_OBJC_ISA_USAGE = YES_ERROR;
				CLANG_WARN_DOCUMENTATION_COMMENTS = YES;
				CLANG_WARN_EMPTY_BODY = YES;
				CLANG_WARN_ENUM_CONVERSION = YES;
				CLANG_WARN_INFINITE_RECURSION = YES;
				CLANG_WARN_INT_CONVERSION = YES;
				CLANG_WARN_NON_LITERAL_NULL_CONVERSION = YES;
				CLANG_WARN_OBJC_IMPLICIT_RETAIN_SELF = YES;
				CLANG_WARN_OBJC_LITERAL_CONVERSION = YES;
				CLANG_WARN_OBJC_ROOT_CLASS = YES_ERROR;
				CLANG_WARN_QUOTED_INCLUDE_IN_FRAMEWORK_HEADER = YES;
				CLANG_WARN_RANGE_LOOP_ANALYSIS = YES;
				CLANG_WARN_STRICT_PROTOTYPES = YES;
				CLANG_WARN_SUSPICIOUS_MOVE = YES;
				CLANG_WARN_UNGUARDED_AVAILABILITY = YES_AGGRESSIVE;
				CLANG_WARN_UNREACHABLE_CODE = YES;
				CLANG_WARN__DUPLICATE_METHOD_MATCH = YES;
				COPY_PHASE_STRIP = NO;
				DEBUG_INFORMATION_FORMAT = dwarf;
				ENABLE_STRICT_OBJC_MSGSEND = YES;
				ENABLE_TESTABILITY = YES;
				ENABLE_USER_SCRIPT_SANDBOXING = NO;
				GCC_C_LANGUAGE_STANDARD = gnu17;
				GCC_DYNAMIC_NO_PIC = NO;
				GCC_NO_COMMON_BLOCKS = YES;
				GCC_OPTIMIZATION_LEVEL = 0;
				GCC_PREPROCESSOR_DEFINITIONS = (
					"DEBUG=1",
					"$(inherited)",
				);
				GCC_WARN_64_TO_32_BIT_CONVERSION = YES;
				GCC_WARN_ABOUT_RETURN_TYPE = YES_ERROR;
				GCC_WARN_UNDECLARED_SELECTOR = YES;
				GCC_WARN_UNINITIALIZED_AUTOS = YES_AGGRESSIVE;
				GCC_WARN_UNUSED_FUNCTION = YES;
				GCC_WARN_UNUSED_VARIABLE = YES;
				IPHONEOS_DEPLOYMENT_TARGET = 18.0;
				LOCALIZATION_PREFERS_STRING_CATALOGS = YES;
				MTL_ENABLE_DEBUG_INFO = INCLUDE_SOURCE;
				MTL_FAST_MATH = YES;
				ONLY_ACTIVE_ARCH = YES;
				SDKROOT = iphoneos;
				SWIFT_ACTIVE_COMPILATION_CONDITIONS = "DEBUG $(inherited)";
				SWIFT_OPTIMIZATION_LEVEL = "-Onone";
			};
			name = Debug;
		};
		D87437C42D05A39200D746F5 /* Release */ = {
			isa = XCBuildConfiguration;
			buildSettings = {
				ALWAYS_SEARCH_USER_PATHS = NO;
				ASSETCATALOG_COMPILER_GENERATE_SWIFT_ASSET_SYMBOL_EXTENSIONS = YES;
				CLANG_ANALYZER_NONNULL = YES;
				CLANG_ANALYZER_NUMBER_OBJECT_CONVERSION = YES_AGGRESSIVE;
				CLANG_CXX_LANGUAGE_STANDARD = "gnu++20";
				CLANG_ENABLE_MODULES = YES;
				CLANG_ENABLE_OBJC_ARC = YES;
				CLANG_ENABLE_OBJC_WEAK = YES;
				CLANG_WARN_BLOCK_CAPTURE_AUTORELEASING = YES;
				CLANG_WARN_BOOL_CONVERSION = YES;
				CLANG_WARN_COMMA = YES;
				CLANG_WARN_CONSTANT_CONVERSION = YES;
				CLANG_WARN_DEPRECATED_OBJC_IMPLEMENTATIONS = YES;
				CLANG_WARN_DIRECT_OBJC_ISA_USAGE = YES_ERROR;
				CLANG_WARN_DOCUMENTATION_COMMENTS = YES;
				CLANG_WARN_EMPTY_BODY = YES;
				CLANG_WARN_ENUM_CONVERSION = YES;
				CLANG_WARN_INFINITE_RECURSION = YES;
				CLANG_WARN_INT_CONVERSION = YES;
				CLANG_WARN_NON_LITERAL_NULL_CONVERSION = YES;
				CLANG_WARN_OBJC_IMPLICIT_RETAIN_SELF = YES;
				CLANG_WARN_OBJC_LITERAL_CONVERSION = YES;
				CLANG_WARN_OBJC_ROOT_CLASS = YES_ERROR;
				CLANG_WARN_QUOTED_INCLUDE_IN_FRAMEWORK_HEADER = YES;
				CLANG_WARN_RANGE_LOOP_ANALYSIS = YES;
				CLANG_WARN_STRICT_PROTOTYPES = YES;
				CLANG_WARN_SUSPICIOUS_MOVE = YES;
				CLANG_WARN_UNGUARDED_AVAILABILITY = YES_AGGRESSIVE;
				CLANG_WARN_UNREACHABLE_CODE = YES;
				CLANG_WARN__DUPLICATE_METHOD_MATCH = YES;
				COPY_PHASE_STRIP = NO;
				DEBUG_INFORMATION_FORMAT = "dwarf-with-dsym";
				ENABLE_NS_ASSERTIONS = NO;
				ENABLE_STRICT_OBJC_MSGSEND = YES;
				ENABLE_USER_SCRIPT_SANDBOXING = NO;
				GCC_C_LANGUAGE_STANDARD = gnu17;
				GCC_NO_COMMON_BLOCKS = YES;
				GCC_WARN_64_TO_32_BIT_CONVERSION = YES;
				GCC_WARN_ABOUT_RETURN_TYPE = YES_ERROR;
				GCC_WARN_UNDECLARED_SELECTOR = YES;
				GCC_WARN_UNINITIALIZED_AUTOS = YES_AGGRESSIVE;
				GCC_WARN_UNUSED_FUNCTION = YES;
				GCC_WARN_UNUSED_VARIABLE = YES;
				IPHONEOS_DEPLOYMENT_TARGET = 18.0;
				LOCALIZATION_PREFERS_STRING_CATALOGS = YES;
				MTL_ENABLE_DEBUG_INFO = NO;
				MTL_FAST_MATH = YES;
				SDKROOT = iphoneos;
				SWIFT_COMPILATION_MODE = wholemodule;
				VALIDATE_PRODUCT = YES;
			};
			name = Release;
		};
/* End XCBuildConfiguration section */

/* Begin XCConfigurationList section */
		D87437A82D05A39100D746F5 /* Build configuration list for PBXProject "LiveLocationTrack" */ = {
			isa = XCConfigurationList;
			buildConfigurations = (
				D87437C32D05A39200D746F5 /* Debug */,
				D87437C42D05A39200D746F5 /* Release */,
			);
			defaultConfigurationIsVisible = 0;
			defaultConfigurationName = Release;
		};
		D87437C02D05A39200D746F5 /* Build configuration list for PBXNativeTarget "LiveLocationTrack" */ = {
			isa = XCConfigurationList;
			buildConfigurations = (
				D87437C12D05A39200D746F5 /* Debug */,
				D87437C22D05A39200D746F5 /* Release */,
			);
			defaultConfigurationIsVisible = 0;
			defaultConfigurationName = Release;
		};
/* End XCConfigurationList section */
	};
	rootObject = D87437A52D05A39100D746F5 /* Project object */;
}
